dependencies:
  idf:
    source:
      type: idf
    version: 5.4.4
  lvgl/lvgl:
    component_hash: 7b7ee85e48c2eb35bb242a8c7e0e4cd702e150541afb3f69089fb7ba81554d14
    dependencies: []
    source:
      registry_url: https://components.espressif.com/
      type: service
    version: 8.3.0
direct_dependencies:
- lvgl/lvgl
manifest_hash: fc25a94526fecb753a18786b38c43af3e4022ed8eed9e5c3a8231b50d2cb1490
target: esp32s3
version: 2.0.0
